
Microsoft Visual Studio Solution File, Format Version 12.00
# Visual Studio Version 16
VisualStudioVersion = 16.0.30225.117
MinimumVisualStudioVersion = 10.0.40219.1
Project("{9A19103F-16F7-4668-BE54-9A1E7A4F7556}") = "LLNToAnki", "LLNToAnki\LLNToAnki.csproj", "{757EDC4D-D087-4F19-A445-00810692BABD}"
EndProject
Project("{FAE04EC0-301F-11D3-BF4B-00C04F79EFBC}") = "ZXTests", "ZXTests\ZXTests.csproj", "{084A000A-F469-4843-8A2C-52EA42CC6F74}"
EndProject
Global
	GlobalSection(SolutionConfigurationPlatforms) = preSolution
		Debug|Any CPU = Debug|Any CPU
		Release|Any CPU = Release|Any CPU
	EndGlobalSection
	GlobalSection(ProjectConfigurationPlatforms) = postSolution
		{757EDC4D-D087-4F19-A445-00810692BABD}.Debug|Any CPU.ActiveCfg = Debug|Any CPU
		{757EDC4D-D087-4F19-A445-00810692BABD}.Debug|Any CPU.Build.0 = Debug|Any CPU
		{757EDC4D-D087-4F19-A445-00810692BABD}.Release|Any CPU.ActiveCfg = Release|Any CPU
		{757EDC4D-D087-4F19-A445-00810692BABD}.Release|Any CPU.Build.0 = Release|Any CPU
		{084A000A-F469-4843-8A2C-52EA42CC6F74}.Debug|Any CPU.ActiveCfg = Debug|Any CPU
		{084A000A-F469-4843-8A2C-52EA42CC6F74}.Debug|Any CPU.Build.0 = Debug|Any CPU
		{084A000A-F469-4843-8A2C-52EA42CC6F74}.Release|Any CPU.ActiveCfg = Release|Any CPU
		{084A000A-F469-4843-8A2C-52EA42CC6F74}.Release|Any CPU.Build.0 = Release|Any CPU
	EndGlobalSection
	GlobalSection(SolutionProperties) = preSolution
		HideSolutionNode = FALSE
	EndGlobalSection
	GlobalSection(ExtensibilityGlobals) = postSolution
		SolutionGuid = {00B3E963-0BEE-4969-A1B3-04E4FA6BFBE2}
	EndGlobalSection
EndGlobal
