
Microsoft Visual Studio Solution File, Format Version 12.00
# Visual Studio Version 16
VisualStudioVersion = 16.0.30225.117
MinimumVisualStudioVersion = 10.0.40219.1
Project("{9A19103F-16F7-4668-BE54-9A1E7A4F7556}") = "LLNToAnki.Business", "LLNToAnki\LLNToAnki.Business.csproj", "{757EDC4D-D087-4F19-A445-00810692BABD}"
	ProjectSection(ProjectDependencies) = postProject
		{967D7DF2-50A3-4FD6-934F-E0AB13D38943} = {967D7DF2-50A3-4FD6-934F-E0AB13D38943}
	EndProjectSection
EndProject
Project("{9A19103F-16F7-4668-BE54-9A1E7A4F7556}") = "ZXTests", "ZXTests\ZXTests.csproj", "{084A000A-F469-4843-8A2C-52EA42CC6F74}"
	ProjectSection(ProjectDependencies) = postProject
		{02678C07-C40B-4EA9-B7AC-3B9BE7C5212E} = {02678C07-C40B-4EA9-B7AC-3B9BE7C5212E}
		{A96B2C7E-44AA-468D-9F89-28253C9818DA} = {A96B2C7E-44AA-468D-9F89-28253C9818DA}
		{967D7DF2-50A3-4FD6-934F-E0AB13D38943} = {967D7DF2-50A3-4FD6-934F-E0AB13D38943}
	EndProjectSection
EndProject
Project("{2150E333-8FDC-42A3-9474-1A3956D46DE8}") = "BE", "BE", "{CF242E95-6430-4579-8A5D-DF9E3CE11F1D}"
EndProject
Project("{2150E333-8FDC-42A3-9474-1A3956D46DE8}") = "FE", "FE", "{43A71227-859A-4753-BF32-7516D6F664DD}"
EndProject
Project("{FAE04EC0-301F-11D3-BF4B-00C04F79EFBC}") = "LLNToAnki.WPF", "FE\LLNToAnki.WPF\LLNToAnki.WPF.csproj", "{02678C07-C40B-4EA9-B7AC-3B9BE7C5212E}"
EndProject
Project("{FAE04EC0-301F-11D3-BF4B-00C04F79EFBC}") = "LLNToAnki.Domain", "BE\LLNToAnki.Domain\LLNToAnki.Domain.csproj", "{967D7DF2-50A3-4FD6-934F-E0AB13D38943}"
EndProject
Project("{FAE04EC0-301F-11D3-BF4B-00C04F79EFBC}") = "LLNToAnki.Infrastructure", "BE\LLNToAnki.Infrastructure\LLNToAnki.Infrastructure.csproj", "{A96B2C7E-44AA-468D-9F89-28253C9818DA}"
	ProjectSection(ProjectDependencies) = postProject
		{757EDC4D-D087-4F19-A445-00810692BABD} = {757EDC4D-D087-4F19-A445-00810692BABD}
		{967D7DF2-50A3-4FD6-934F-E0AB13D38943} = {967D7DF2-50A3-4FD6-934F-E0AB13D38943}
	EndProjectSection
EndProject
Project("{FAE04EC0-301F-11D3-BF4B-00C04F79EFBC}") = "LLNToAnki.Console", "FE\LLNToAnki.Console\LLNToAnki.Console.csproj", "{9CC8605D-E424-4BE4-8972-70110F9D5EC6}"
EndProject
Global
	GlobalSection(SolutionConfigurationPlatforms) = preSolution
		Debug|Any CPU = Debug|Any CPU
		Release|Any CPU = Release|Any CPU
	EndGlobalSection
	GlobalSection(ProjectConfigurationPlatforms) = postSolution
		{757EDC4D-D087-4F19-A445-00810692BABD}.Debug|Any CPU.ActiveCfg = Debug|Any CPU
		{757EDC4D-D087-4F19-A445-00810692BABD}.Debug|Any CPU.Build.0 = Debug|Any CPU
		{757EDC4D-D087-4F19-A445-00810692BABD}.Release|Any CPU.ActiveCfg = Release|Any CPU
		{757EDC4D-D087-4F19-A445-00810692BABD}.Release|Any CPU.Build.0 = Release|Any CPU
		{084A000A-F469-4843-8A2C-52EA42CC6F74}.Debug|Any CPU.ActiveCfg = Debug|Any CPU
		{084A000A-F469-4843-8A2C-52EA42CC6F74}.Debug|Any CPU.Build.0 = Debug|Any CPU
		{084A000A-F469-4843-8A2C-52EA42CC6F74}.Release|Any CPU.ActiveCfg = Release|Any CPU
		{084A000A-F469-4843-8A2C-52EA42CC6F74}.Release|Any CPU.Build.0 = Release|Any CPU
		{02678C07-C40B-4EA9-B7AC-3B9BE7C5212E}.Debug|Any CPU.ActiveCfg = Debug|Any CPU
		{02678C07-C40B-4EA9-B7AC-3B9BE7C5212E}.Debug|Any CPU.Build.0 = Debug|Any CPU
		{02678C07-C40B-4EA9-B7AC-3B9BE7C5212E}.Release|Any CPU.ActiveCfg = Release|Any CPU
		{02678C07-C40B-4EA9-B7AC-3B9BE7C5212E}.Release|Any CPU.Build.0 = Release|Any CPU
		{967D7DF2-50A3-4FD6-934F-E0AB13D38943}.Debug|Any CPU.ActiveCfg = Debug|Any CPU
		{967D7DF2-50A3-4FD6-934F-E0AB13D38943}.Debug|Any CPU.Build.0 = Debug|Any CPU
		{967D7DF2-50A3-4FD6-934F-E0AB13D38943}.Release|Any CPU.ActiveCfg = Release|Any CPU
		{967D7DF2-50A3-4FD6-934F-E0AB13D38943}.Release|Any CPU.Build.0 = Release|Any CPU
		{A96B2C7E-44AA-468D-9F89-28253C9818DA}.Debug|Any CPU.ActiveCfg = Debug|Any CPU
		{A96B2C7E-44AA-468D-9F89-28253C9818DA}.Debug|Any CPU.Build.0 = Debug|Any CPU
		{A96B2C7E-44AA-468D-9F89-28253C9818DA}.Release|Any CPU.ActiveCfg = Release|Any CPU
		{A96B2C7E-44AA-468D-9F89-28253C9818DA}.Release|Any CPU.Build.0 = Release|Any CPU
		{9CC8605D-E424-4BE4-8972-70110F9D5EC6}.Debug|Any CPU.ActiveCfg = Debug|Any CPU
		{9CC8605D-E424-4BE4-8972-70110F9D5EC6}.Debug|Any CPU.Build.0 = Debug|Any CPU
		{9CC8605D-E424-4BE4-8972-70110F9D5EC6}.Release|Any CPU.ActiveCfg = Release|Any CPU
		{9CC8605D-E424-4BE4-8972-70110F9D5EC6}.Release|Any CPU.Build.0 = Release|Any CPU
	EndGlobalSection
	GlobalSection(SolutionProperties) = preSolution
		HideSolutionNode = FALSE
	EndGlobalSection
	GlobalSection(NestedProjects) = preSolution
		{757EDC4D-D087-4F19-A445-00810692BABD} = {CF242E95-6430-4579-8A5D-DF9E3CE11F1D}
		{02678C07-C40B-4EA9-B7AC-3B9BE7C5212E} = {43A71227-859A-4753-BF32-7516D6F664DD}
		{967D7DF2-50A3-4FD6-934F-E0AB13D38943} = {CF242E95-6430-4579-8A5D-DF9E3CE11F1D}
		{A96B2C7E-44AA-468D-9F89-28253C9818DA} = {CF242E95-6430-4579-8A5D-DF9E3CE11F1D}
		{9CC8605D-E424-4BE4-8972-70110F9D5EC6} = {43A71227-859A-4753-BF32-7516D6F664DD}
	EndGlobalSection
	GlobalSection(ExtensibilityGlobals) = postSolution
		SolutionGuid = {00B3E963-0BEE-4969-A1B3-04E4FA6BFBE2}
	EndGlobalSection
EndGlobal
